
Microsoft Visual Studio Solution File, Format Version 12.00
# Visual Studio Version 17
VisualStudioVersion = 17.9.34728.123
MinimumVisualStudioVersion = 10.0.40219.1
Project("{FAE04EC0-301F-11D3-BF4B-00C04F79EFBC}") = "BookStore", "BookStore.csproj", "{EDB62A1A-1A1A-4EC7-A7CE-5D86D6018640}"
EndProject
Global
	GlobalSection(SolutionConfigurationPlatforms) = preSolution
		Debug|Any CPU = Debug|Any CPU
		Release|Any CPU = Release|Any CPU
	EndGlobalSection
	GlobalSection(ProjectConfigurationPlatforms) = postSolution
		{EDB62A1A-1A1A-4EC7-A7CE-5D86D6018640}.Debug|Any CPU.ActiveCfg = Debug|Any CPU
		{EDB62A1A-1A1A-4EC7-A7CE-5D86D6018640}.Debug|Any CPU.Build.0 = Debug|Any CPU
		{EDB62A1A-1A1A-4EC7-A7CE-5D86D6018640}.Release|Any CPU.ActiveCfg = Release|Any CPU
		{EDB62A1A-1A1A-4EC7-A7CE-5D86D6018640}.Release|Any CPU.Build.0 = Release|Any CPU
	EndGlobalSection
	GlobalSection(SolutionProperties) = preSolution
		HideSolutionNode = FALSE
	EndGlobalSection
	GlobalSection(ExtensibilityGlobals) = postSolution
		SolutionGuid = {204DEE15-B570-4793-9117-E0A99040CA96}
	EndGlobalSection
EndGlobal
